
Microsoft Visual Studio Solution File, Format Version 12.00
# Visual Studio Version 16
VisualStudioVersion = 16.0.29326.143
MinimumVisualStudioVersion = 10.0.40219.1
Project("{FAE04EC0-301F-11D3-BF4B-00C04F79EFBC}") = "Open-Lab-03.07", "Open-Lab-03.07.csproj", "{C0AFC545-D1E3-4A91-B5CE-FD6D338BF3E0}"
EndProject
Global
	GlobalSection(SolutionConfigurationPlatforms) = preSolution
		Debug|Any CPU = Debug|Any CPU
		Release|Any CPU = Release|Any CPU
	EndGlobalSection
	GlobalSection(ProjectConfigurationPlatforms) = postSolution
		{C0AFC545-D1E3-4A91-B5CE-FD6D338BF3E0}.Debug|Any CPU.ActiveCfg = Debug|Any CPU
		{C0AFC545-D1E3-4A91-B5CE-FD6D338BF3E0}.Debug|Any CPU.Build.0 = Debug|Any CPU
		{C0AFC545-D1E3-4A91-B5CE-FD6D338BF3E0}.Release|Any CPU.ActiveCfg = Release|Any CPU
		{C0AFC545-D1E3-4A91-B5CE-FD6D338BF3E0}.Release|Any CPU.Build.0 = Release|Any CPU
	EndGlobalSection
	GlobalSection(SolutionProperties) = preSolution
		HideSolutionNode = FALSE
	EndGlobalSection
	GlobalSection(ExtensibilityGlobals) = postSolution
		SolutionGuid = {C4E074CF-18A4-4717-9F60-7827A13D1AD8}
	EndGlobalSection
EndGlobal
